
Microsoft Visual Studio Solution File, Format Version 12.00
# Visual Studio Version 17
VisualStudioVersion = 17.9.34622.214
MinimumVisualStudioVersion = 10.0.40219.1
Project("{9A19103F-16F7-4668-BE54-9A1E7A4F7556}") = "HackerNews", "HackerNews\HackerNews.csproj", "{2CCD5C5B-5A3A-4AE4-807E-5D4D1302D36E}"
EndProject
Project("{FAE04EC0-301F-11D3-BF4B-00C04F79EFBC}") = "HackerNewsTests", "HackerNewsTests\HackerNewsTests.csproj", "{7E25971F-4FEF-4E2D-B950-993207689470}"
EndProject
Global
	GlobalSection(SolutionConfigurationPlatforms) = preSolution
		Debug|Any CPU = Debug|Any CPU
		Release|Any CPU = Release|Any CPU
	EndGlobalSection
	GlobalSection(ProjectConfigurationPlatforms) = postSolution
		{2CCD5C5B-5A3A-4AE4-807E-5D4D1302D36E}.Debug|Any CPU.ActiveCfg = Debug|Any CPU
		{2CCD5C5B-5A3A-4AE4-807E-5D4D1302D36E}.Debug|Any CPU.Build.0 = Debug|Any CPU
		{2CCD5C5B-5A3A-4AE4-807E-5D4D1302D36E}.Release|Any CPU.ActiveCfg = Release|Any CPU
		{2CCD5C5B-5A3A-4AE4-807E-5D4D1302D36E}.Release|Any CPU.Build.0 = Release|Any CPU
		{7E25971F-4FEF-4E2D-B950-993207689470}.Debug|Any CPU.ActiveCfg = Debug|Any CPU
		{7E25971F-4FEF-4E2D-B950-993207689470}.Debug|Any CPU.Build.0 = Debug|Any CPU
		{7E25971F-4FEF-4E2D-B950-993207689470}.Release|Any CPU.ActiveCfg = Release|Any CPU
		{7E25971F-4FEF-4E2D-B950-993207689470}.Release|Any CPU.Build.0 = Release|Any CPU
	EndGlobalSection
	GlobalSection(SolutionProperties) = preSolution
		HideSolutionNode = FALSE
	EndGlobalSection
	GlobalSection(ExtensibilityGlobals) = postSolution
		SolutionGuid = {2D42AC0C-D6F7-46FB-9DEE-CD006461D1EF}
	EndGlobalSection
EndGlobal
